{
  "name": "no-repo",
  "version": "1.0.0",
  "lockfileVersion": 3,
  "requires": true,
  "packages": {
    "": {
      "name": "no-repo",
      "version": "1.0.0",
      "license": "ISC",
      "dependencies": {
        "@bpmsoftwaresolutions/ai-engine-client": "^1.1.36"
      }
    },
    "node_modules/@bpmsoftwaresolutions/ai-engine-client": {
      "version": "1.1.36",
      "resolved": "https://registry.npmjs.org/@bpmsoftwaresolutions/ai-engine-client/-/ai-engine-client-1.1.36.tgz",
      "integrity": "sha512-24tYbHda7+Oz9fiAxzk4KmsEm+sLvg1A/914xJXe/BlQzufdigfdyvI0yD7CtaSzShoE0RxgTAk/EjqGEpLB6w==",
      "license": "UNLICENSED",
      "engines": {
        "node": ">=18"
      }
    }
  }
}
