{
  "name": "no-repo",
  "version": "1.0.0",
  "lockfileVersion": 3,
  "requires": true,
  "packages": {
    "": {
      "name": "no-repo",
      "version": "1.0.0",
      "license": "ISC",
      "dependencies": {
        "@bpmsoftwaresolutions/ai-engine-client": "^1.1.127"
      }
    },
    "node_modules/@bpmsoftwaresolutions/ai-engine-client": {
      "version": "1.1.127",
      "resolved": "https://registry.npmjs.org/@bpmsoftwaresolutions/ai-engine-client/-/ai-engine-client-1.1.127.tgz",
      "integrity": "sha512-F+YuaidVtTAE7wGY9ykTk8a3q19IXCGk/ndknTeUShGrMbm4UofMHmxu0G0ww8FuQApmn46TSOL2eGPQqMg5BQ==",
      "license": "UNLICENSED",
      "engines": {
        "node": ">=18"
      }
    }
  }
}
