{
  "name": "no-repo",
  "version": "1.0.0",
  "lockfileVersion": 3,
  "requires": true,
  "packages": {
    "": {
      "name": "no-repo",
      "version": "1.0.0",
      "license": "ISC",
      "dependencies": {
        "@bpmsoftwaresolutions/ai-engine-client": "^1.1.71"
      }
    },
    "node_modules/@bpmsoftwaresolutions/ai-engine-client": {
      "version": "1.1.71",
      "resolved": "https://registry.npmjs.org/@bpmsoftwaresolutions/ai-engine-client/-/ai-engine-client-1.1.71.tgz",
      "integrity": "sha512-I1JvyjofKiQ56N8ytXrm934fUxVzPtI2gifzQUNLsm+W4Ho7v8zBkGNyNu+2e5m7LayBj4K8ume5MLkD1l3FxQ==",
      "license": "UNLICENSED",
      "engines": {
        "node": ">=18"
      }
    }
  }
}
